
Microsoft Visual Studio Solution File, Format Version 12.00
# Visual Studio Version 16
VisualStudioVersion = 16.0.33927.289
MinimumVisualStudioVersion = 10.0.40219.1
Project("{2150E333-8FDC-42A3-9474-1A3956D46DE8}") = "Task0", "Task0", "{2211C3D7-4204-4CD4-B864-A16D0140D5A4}"
EndProject
Project("{FAE04EC0-301F-11D3-BF4B-00C04F79EFBC}") = "Tyuiu.GunbinNA.Sprint0.Task0.V0", "Tyuiu.GunbinNA.Sprint0.Task0.V0\Tyuiu.GunbinNA.Sprint0.Task0.V0.csproj", "{2B7DF3AE-9C1C-44BD-8CF1-83EC636DB610}"
EndProject
Project("{2150E333-8FDC-42A3-9474-1A3956D46DE8}") = "Task1", "Task1", "{98F0A097-3A51-4FF7-8BD9-FF8EA25AA9DC}"
EndProject
Project("{FAE04EC0-301F-11D3-BF4B-00C04F79EFBC}") = "Tyuiu.GunbinNA.Sprint0.Task1.V0", "Tyuiu.GunbinNA.Sprint0.Task1.V0\Tyuiu.GunbinNA.Sprint0.Task1.V0.csproj", "{0C9E96B4-1D08-4AFF-958A-7FAE06CEBC4D}"
EndProject
Project("{2150E333-8FDC-42A3-9474-1A3956D46DE8}") = "Task2", "Task2", "{F7C3C7FB-14F0-4E01-8CC4-F042A940F10B}"
EndProject
Project("{FAE04EC0-301F-11D3-BF4B-00C04F79EFBC}") = "Tyuiu.GunbinNA.Sprint0.Task2.V0", "Tyuiu.GunbinNA.Sprint0.Task2.V0\Tyuiu.GunbinNA.Sprint0.Task2.V0.csproj", "{CBCA3505-2DE2-4AC0-BDF6-48DDE9EB5AC9}"
EndProject
Project("{FAE04EC0-301F-11D3-BF4B-00C04F79EFBC}") = "Tyuiu.GunbinNA.Sprint0.Task2.V0.Lib", "Tyuiu.GunbinNA.Sprint0.Task2.V0.Lib\Tyuiu.GunbinNA.Sprint0.Task2.V0.Lib.csproj", "{F2316210-0B29-4169-9614-636F5B5DA548}"
EndProject
Project("{FAE04EC0-301F-11D3-BF4B-00C04F79EFBC}") = "Tyuiu.GunbinNA.Sprint0.Task2.V0.Test", "Tyuiu.GunbinNA.Sprint0.Task2.V0.Test\Tyuiu.GunbinNA.Sprint0.Task2.V0.Test.csproj", "{324ECB48-A31A-4E0E-860B-523060C9BE28}"
EndProject
Project("{2150E333-8FDC-42A3-9474-1A3956D46DE8}") = "Task3", "Task3", "{6E816075-F700-4183-B7B4-9B9141267665}"
EndProject
Project("{FAE04EC0-301F-11D3-BF4B-00C04F79EFBC}") = "Tyuiu.GunbinNA.Sprint0.Task3.V0", "Tyuiu.GunbinNA.Sprint0.Task3.V0\Tyuiu.GunbinNA.Sprint0.Task3.V0.csproj", "{91409C50-48C4-4A8B-A1D2-634226819084}"
EndProject
Project("{FAE04EC0-301F-11D3-BF4B-00C04F79EFBC}") = "Tyuiu.GunbinNA.Sprint0.Task3.V0.Lib", "Tyuiu.GunbinNA.Sprint0.Task3.V0.Lib\Tyuiu.GunbinNA.Sprint0.Task3.V0.Lib.csproj", "{6A0DCEB9-DB6D-432B-B3C0-0867A0D6E4DE}"
EndProject
Project("{FAE04EC0-301F-11D3-BF4B-00C04F79EFBC}") = "Tyuiu.GunbinNA.Sprint0.Task3.V0.Test", "Tyuiu.GunbinNA.Sprint0.Task3.V0.Test\Tyuiu.GunbinNA.Sprint0.Task3.V0.Test.csproj", "{903BF9FD-4CE8-4828-AF5F-084C12C3626E}"
EndProject
Project("{2150E333-8FDC-42A3-9474-1A3956D46DE8}") = "Task4", "Task4", "{2A82847F-0C41-4C07-AAC0-FDC81ACE46AF}"
EndProject
Project("{FAE04EC0-301F-11D3-BF4B-00C04F79EFBC}") = "Tyuiu.GunbinNA.Sprint0.Task4.V0", "Tyuiu.GunbinNA.Sprint0.Task4.V0\Tyuiu.GunbinNA.Sprint0.Task4.V0.csproj", "{D7715922-DDD5-4930-998B-9CAB26179AA6}"
EndProject
Project("{FAE04EC0-301F-11D3-BF4B-00C04F79EFBC}") = "Tyuiu.GunbinNA.Sprint0.Task4.V0.Lib", "Tyuiu.GunbinNA.Sprint0.Task4.V0.Lib\Tyuiu.GunbinNA.Sprint0.Task4.V0.Lib.csproj", "{D19C8A1C-A38F-48D7-968A-2CD03750F4DD}"
EndProject
Project("{FAE04EC0-301F-11D3-BF4B-00C04F79EFBC}") = "Tyuiu.GunbinNA.Sprint0.Task4.V0.Test", "Tyuiu.GunbinNA.Sprint0.Task4.V0.Test\Tyuiu.GunbinNA.Sprint0.Task4.V0.Test.csproj", "{BC714D59-4E36-40FE-A2E6-A1F7F05D09B4}"
EndProject
Global
	GlobalSection(SolutionConfigurationPlatforms) = preSolution
		Debug|Any CPU = Debug|Any CPU
		Release|Any CPU = Release|Any CPU
	EndGlobalSection
	GlobalSection(ProjectConfigurationPlatforms) = postSolution
		{2B7DF3AE-9C1C-44BD-8CF1-83EC636DB610}.Debug|Any CPU.ActiveCfg = Debug|Any CPU
		{2B7DF3AE-9C1C-44BD-8CF1-83EC636DB610}.Debug|Any CPU.Build.0 = Debug|Any CPU
		{2B7DF3AE-9C1C-44BD-8CF1-83EC636DB610}.Release|Any CPU.ActiveCfg = Release|Any CPU
		{2B7DF3AE-9C1C-44BD-8CF1-83EC636DB610}.Release|Any CPU.Build.0 = Release|Any CPU
		{0C9E96B4-1D08-4AFF-958A-7FAE06CEBC4D}.Debug|Any CPU.ActiveCfg = Debug|Any CPU
		{0C9E96B4-1D08-4AFF-958A-7FAE06CEBC4D}.Debug|Any CPU.Build.0 = Debug|Any CPU
		{0C9E96B4-1D08-4AFF-958A-7FAE06CEBC4D}.Release|Any CPU.ActiveCfg = Release|Any CPU
		{0C9E96B4-1D08-4AFF-958A-7FAE06CEBC4D}.Release|Any CPU.Build.0 = Release|Any CPU
		{CBCA3505-2DE2-4AC0-BDF6-48DDE9EB5AC9}.Debug|Any CPU.ActiveCfg = Debug|Any CPU
		{CBCA3505-2DE2-4AC0-BDF6-48DDE9EB5AC9}.Debug|Any CPU.Build.0 = Debug|Any CPU
		{CBCA3505-2DE2-4AC0-BDF6-48DDE9EB5AC9}.Release|Any CPU.ActiveCfg = Release|Any CPU
		{CBCA3505-2DE2-4AC0-BDF6-48DDE9EB5AC9}.Release|Any CPU.Build.0 = Release|Any CPU
		{F2316210-0B29-4169-9614-636F5B5DA548}.Debug|Any CPU.ActiveCfg = Debug|Any CPU
		{F2316210-0B29-4169-9614-636F5B5DA548}.Debug|Any CPU.Build.0 = Debug|Any CPU
		{F2316210-0B29-4169-9614-636F5B5DA548}.Release|Any CPU.ActiveCfg = Release|Any CPU
		{F2316210-0B29-4169-9614-636F5B5DA548}.Release|Any CPU.Build.0 = Release|Any CPU
		{324ECB48-A31A-4E0E-860B-523060C9BE28}.Debug|Any CPU.ActiveCfg = Debug|Any CPU
		{324ECB48-A31A-4E0E-860B-523060C9BE28}.Debug|Any CPU.Build.0 = Debug|Any CPU
		{324ECB48-A31A-4E0E-860B-523060C9BE28}.Release|Any CPU.ActiveCfg = Release|Any CPU
		{324ECB48-A31A-4E0E-860B-523060C9BE28}.Release|Any CPU.Build.0 = Release|Any CPU
		{91409C50-48C4-4A8B-A1D2-634226819084}.Debug|Any CPU.ActiveCfg = Debug|Any CPU
		{91409C50-48C4-4A8B-A1D2-634226819084}.Debug|Any CPU.Build.0 = Debug|Any CPU
		{91409C50-48C4-4A8B-A1D2-634226819084}.Release|Any CPU.ActiveCfg = Release|Any CPU
		{91409C50-48C4-4A8B-A1D2-634226819084}.Release|Any CPU.Build.0 = Release|Any CPU
		{6A0DCEB9-DB6D-432B-B3C0-0867A0D6E4DE}.Debug|Any CPU.ActiveCfg = Debug|Any CPU
		{6A0DCEB9-DB6D-432B-B3C0-0867A0D6E4DE}.Debug|Any CPU.Build.0 = Debug|Any CPU
		{6A0DCEB9-DB6D-432B-B3C0-0867A0D6E4DE}.Release|Any CPU.ActiveCfg = Release|Any CPU
		{6A0DCEB9-DB6D-432B-B3C0-0867A0D6E4DE}.Release|Any CPU.Build.0 = Release|Any CPU
		{903BF9FD-4CE8-4828-AF5F-084C12C3626E}.Debug|Any CPU.ActiveCfg = Debug|Any CPU
		{903BF9FD-4CE8-4828-AF5F-084C12C3626E}.Debug|Any CPU.Build.0 = Debug|Any CPU
		{903BF9FD-4CE8-4828-AF5F-084C12C3626E}.Release|Any CPU.ActiveCfg = Release|Any CPU
		{903BF9FD-4CE8-4828-AF5F-084C12C3626E}.Release|Any CPU.Build.0 = Release|Any CPU
		{D7715922-DDD5-4930-998B-9CAB26179AA6}.Debug|Any CPU.ActiveCfg = Debug|Any CPU
		{D7715922-DDD5-4930-998B-9CAB26179AA6}.Debug|Any CPU.Build.0 = Debug|Any CPU
		{D7715922-DDD5-4930-998B-9CAB26179AA6}.Release|Any CPU.ActiveCfg = Release|Any CPU
		{D7715922-DDD5-4930-998B-9CAB26179AA6}.Release|Any CPU.Build.0 = Release|Any CPU
		{D19C8A1C-A38F-48D7-968A-2CD03750F4DD}.Debug|Any CPU.ActiveCfg = Debug|Any CPU
		{D19C8A1C-A38F-48D7-968A-2CD03750F4DD}.Debug|Any CPU.Build.0 = Debug|Any CPU
		{D19C8A1C-A38F-48D7-968A-2CD03750F4DD}.Release|Any CPU.ActiveCfg = Release|Any CPU
		{D19C8A1C-A38F-48D7-968A-2CD03750F4DD}.Release|Any CPU.Build.0 = Release|Any CPU
		{BC714D59-4E36-40FE-A2E6-A1F7F05D09B4}.Debug|Any CPU.ActiveCfg = Debug|Any CPU
		{BC714D59-4E36-40FE-A2E6-A1F7F05D09B4}.Debug|Any CPU.Build.0 = Debug|Any CPU
		{BC714D59-4E36-40FE-A2E6-A1F7F05D09B4}.Release|Any CPU.ActiveCfg = Release|Any CPU
		{BC714D59-4E36-40FE-A2E6-A1F7F05D09B4}.Release|Any CPU.Build.0 = Release|Any CPU
	EndGlobalSection
	GlobalSection(SolutionProperties) = preSolution
		HideSolutionNode = FALSE
	EndGlobalSection
	GlobalSection(NestedProjects) = preSolution
		{2B7DF3AE-9C1C-44BD-8CF1-83EC636DB610} = {2211C3D7-4204-4CD4-B864-A16D0140D5A4}
		{0C9E96B4-1D08-4AFF-958A-7FAE06CEBC4D} = {98F0A097-3A51-4FF7-8BD9-FF8EA25AA9DC}
		{CBCA3505-2DE2-4AC0-BDF6-48DDE9EB5AC9} = {F7C3C7FB-14F0-4E01-8CC4-F042A940F10B}
		{F2316210-0B29-4169-9614-636F5B5DA548} = {F7C3C7FB-14F0-4E01-8CC4-F042A940F10B}
		{324ECB48-A31A-4E0E-860B-523060C9BE28} = {F7C3C7FB-14F0-4E01-8CC4-F042A940F10B}
		{91409C50-48C4-4A8B-A1D2-634226819084} = {6E816075-F700-4183-B7B4-9B9141267665}
		{6A0DCEB9-DB6D-432B-B3C0-0867A0D6E4DE} = {6E816075-F700-4183-B7B4-9B9141267665}
		{903BF9FD-4CE8-4828-AF5F-084C12C3626E} = {6E816075-F700-4183-B7B4-9B9141267665}
		{D7715922-DDD5-4930-998B-9CAB26179AA6} = {2A82847F-0C41-4C07-AAC0-FDC81ACE46AF}
		{D19C8A1C-A38F-48D7-968A-2CD03750F4DD} = {2A82847F-0C41-4C07-AAC0-FDC81ACE46AF}
		{BC714D59-4E36-40FE-A2E6-A1F7F05D09B4} = {2A82847F-0C41-4C07-AAC0-FDC81ACE46AF}
	EndGlobalSection
	GlobalSection(ExtensibilityGlobals) = postSolution
		SolutionGuid = {EC7C329F-37B5-43C8-83C2-E79344D5CE11}
	EndGlobalSection
EndGlobal
